
Microsoft Visual Studio Solution File, Format Version 12.00
# Visual Studio 2012
Project("{FAE04EC0-301F-11D3-BF4B-00C04F79EFBC}") = "barras", "barras\barras.csproj", "{3A170A71-660D-417C-863E-94EAE65E5FA1}"
EndProject
Global
	GlobalSection(SolutionConfigurationPlatforms) = preSolution
		Debug|Any CPU = Debug|Any CPU
		Release|Any CPU = Release|Any CPU
	EndGlobalSection
	GlobalSection(ProjectConfigurationPlatforms) = postSolution
		{3A170A71-660D-417C-863E-94EAE65E5FA1}.Debug|Any CPU.ActiveCfg = Debug|Any CPU
		{3A170A71-660D-417C-863E-94EAE65E5FA1}.Debug|Any CPU.Build.0 = Debug|Any CPU
		{3A170A71-660D-417C-863E-94EAE65E5FA1}.Release|Any CPU.ActiveCfg = Release|Any CPU
		{3A170A71-660D-417C-863E-94EAE65E5FA1}.Release|Any CPU.Build.0 = Release|Any CPU
	EndGlobalSection
	GlobalSection(SolutionProperties) = preSolution
		HideSolutionNode = FALSE
	EndGlobalSection
EndGlobal
